{
  "version": 3,
  "targets": {
    "net8.0-windows7.0": {
      "Microsoft.VisualBasic/10.3.0": {
        "type": "package",
        "compile": {
          "ref/netcoreapp2.0/_._": {}
        },
        "runtime": {
          "lib/netcoreapp2.0/_._": {}
        }
      },
      "Microsoft.Web.WebView2/1.0.2210.55": {
        "type": "package",
        "compile": {
          "lib/netcoreapp3.0/Microsoft.Web.WebView2.Core.dll": {
            "related": ".xml"
          },
          "lib/netcoreapp3.0/Microsoft.Web.WebView2.WinForms.dll": {
            "related": ".xml"
          },
          "lib/netcoreapp3.0/Microsoft.Web.WebView2.Wpf.dll": {
            "related": ".xml"
          }
        },
        "runtime": {
          "lib/netcoreapp3.0/Microsoft.Web.WebView2.Core.dll": {
            "related": ".xml"
          },
          "lib/netcoreapp3.0/Microsoft.Web.WebView2.WinForms.dll": {
            "related": ".xml"
          },
          "lib/netcoreapp3.0/Microsoft.Web.WebView2.Wpf.dll": {
            "related": ".xml"
          }
        },
        "build": {
          "build/Microsoft.Web.WebView2.targets": {}
        },
        "runtimeTargets": {
          "runtimes/win-arm64/native/WebView2Loader.dll": {
            "assetType": "native",
            "rid": "win-arm64"
          },
          "runtimes/win-x64/native/WebView2Loader.dll": {
            "assetType": "native",
            "rid": "win-x64"
          },
          "runtimes/win-x86/native/WebView2Loader.dll": {
            "assetType": "native",
            "rid": "win-x86"
          }
        }
      }
    }
  },
  "libraries": {
    "Microsoft.VisualBasic/10.3.0": {
      "sha512": "AvMDjmJHjz9bdlvxiSdEHHcWP+sZtp7zwule5ab6DaUbgoBnwCsd7nymj69vSz18ypXuEv3SI7ZUNwbIKrvtMA==",
      "type": "package",
      "path": "microsoft.visualbasic/10.3.0",
      "files": [
        ".nupkg.metadata",
        ".signature.p7s",
        "LICENSE.TXT",
        "THIRD-PARTY-NOTICES.TXT",
        "lib/net45/_._",
        "lib/netcore50/Microsoft.VisualBasic.dll",
        "lib/netcoreapp2.0/_._",
        "lib/netstandard1.3/Microsoft.VisualBasic.dll",
        "lib/netstandard2.0/Microsoft.VisualBasic.dll",
        "lib/portable-net45+win8+wpa81/_._",
        "lib/uap10.0.16299/_._",
        "lib/win8/_._",
        "lib/wpa81/_._",
        "microsoft.visualbasic.10.3.0.nupkg.sha512",
        "microsoft.visualbasic.nuspec",
        "ref/net45/_._",
        "ref/netcore50/Microsoft.VisualBasic.dll",
        "ref/netcore50/Microsoft.VisualBasic.xml",
        "ref/netcore50/de/Microsoft.VisualBasic.xml",
        "ref/netcore50/es/Microsoft.VisualBasic.xml",
        "ref/netcore50/fr/Microsoft.VisualBasic.xml",
        "ref/netcore50/it/Microsoft.VisualBasic.xml",
        "ref/netcore50/ja/Microsoft.VisualBasic.xml",
        "ref/netcore50/ko/Microsoft.VisualBasic.xml",
        "ref/netcore50/ru/Microsoft.VisualBasic.xml",
        "ref/netcore50/zh-hans/Microsoft.VisualBasic.xml",
        "ref/netcore50/zh-hant/Microsoft.VisualBasic.xml",
        "ref/netcoreapp2.0/_._",
        "ref/netstandard1.1/Microsoft.VisualBasic.dll",
        "ref/netstandard1.1/Microsoft.VisualBasic.xml",
        "ref/netstandard1.1/de/Microsoft.VisualBasic.xml",
        "ref/netstandard1.1/es/Microsoft.VisualBasic.xml",
        "ref/netstandard1.1/fr/Microsoft.VisualBasic.xml",
        "ref/netstandard1.1/it/Microsoft.VisualBasic.xml",
        "ref/netstandard1.1/ja/Microsoft.VisualBasic.xml",
        "ref/netstandard1.1/ko/Microsoft.VisualBasic.xml",
        "ref/netstandard1.1/ru/Microsoft.VisualBasic.xml",
        "ref/netstandard1.1/zh-hans/Microsoft.VisualBasic.xml",
        "ref/netstandard1.1/zh-hant/Microsoft.VisualBasic.xml",
        "ref/netstandard2.0/Microsoft.VisualBasic.dll",
        "ref/netstandard2.0/Microsoft.VisualBasic.xml",
        "ref/portable-net45+win8+wpa81/_._",
        "ref/uap10.0.16299/_._",
        "ref/win8/_._",
        "ref/wpa81/_._",
        "useSharedDesignerContext.txt",
        "version.txt"
      ]
    },
    "Microsoft.Web.WebView2/1.0.2210.55": {
      "sha512": "pb5kuzl8TQm+ztzOnOm/qX75DXXjOQMdKlcs2hyizbZobiGzJcMcIhpmMmgg1cTGYwof2fVhlC809YScvDbm3w==",
      "type": "package",
      "path": "microsoft.web.webview2/1.0.2210.55",
      "hasTools": true,
      "files": [
        ".nupkg.metadata",
        ".signature.p7s",
        "LICENSE.txt",
        "NOTICE.txt",
        "WebView2.idl",
        "WebView2.tlb",
        "build/Common.targets",
        "build/Microsoft.Web.WebView2.targets",
        "build/WebView2Rules.Project.xml",
        "build/native/Microsoft.Web.WebView2.targets",
        "build/native/arm64/WebView2Loader.dll",
        "build/native/arm64/WebView2Loader.dll.lib",
        "build/native/arm64/WebView2LoaderStatic.lib",
        "build/native/include-winrt/WebView2Interop.h",
        "build/native/include-winrt/WebView2Interop.idl",
        "build/native/include-winrt/WebView2Interop.tlb",
        "build/native/include/WebView2.h",
        "build/native/include/WebView2EnvironmentOptions.h",
        "build/native/x64/WebView2Loader.dll",
        "build/native/x64/WebView2Loader.dll.lib",
        "build/native/x64/WebView2LoaderStatic.lib",
        "build/native/x86/WebView2Loader.dll",
        "build/native/x86/WebView2Loader.dll.lib",
        "build/native/x86/WebView2LoaderStatic.lib",
        "build/wv2winrt.targets",
        "lib/Microsoft.Web.WebView2.Core.winmd",
        "lib/net45/Microsoft.Web.WebView2.Core.dll",
        "lib/net45/Microsoft.Web.WebView2.Core.xml",
        "lib/net45/Microsoft.Web.WebView2.WinForms.dll",
        "lib/net45/Microsoft.Web.WebView2.WinForms.xml",
        "lib/net45/Microsoft.Web.WebView2.Wpf.dll",
        "lib/net45/Microsoft.Web.WebView2.Wpf.xml",
        "lib/netcoreapp3.0/Microsoft.Web.WebView2.Core.dll",
        "lib/netcoreapp3.0/Microsoft.Web.WebView2.Core.xml",
        "lib/netcoreapp3.0/Microsoft.Web.WebView2.WinForms.dll",
        "lib/netcoreapp3.0/Microsoft.Web.WebView2.WinForms.xml",
        "lib/netcoreapp3.0/Microsoft.Web.WebView2.Wpf.dll",
        "lib/netcoreapp3.0/Microsoft.Web.WebView2.Wpf.xml",
        "microsoft.web.webview2.1.0.2210.55.nupkg.sha512",
        "microsoft.web.webview2.nuspec",
        "runtimes/win-arm64/native/WebView2Loader.dll",
        "runtimes/win-arm64/native_uap/Microsoft.Web.WebView2.Core.dll",
        "runtimes/win-x64/native/WebView2Loader.dll",
        "runtimes/win-x64/native_uap/Microsoft.Web.WebView2.Core.dll",
        "runtimes/win-x86/native/WebView2Loader.dll",
        "runtimes/win-x86/native_uap/Microsoft.Web.WebView2.Core.dll",
        "tools/VisualStudioToolsManifest.xml",
        "tools/wv2winrt/Antlr3.Runtime.dll",
        "tools/wv2winrt/Antlr4.StringTemplate.dll",
        "tools/wv2winrt/System.Buffers.dll",
        "tools/wv2winrt/System.CommandLine.DragonFruit.dll",
        "tools/wv2winrt/System.CommandLine.Rendering.dll",
        "tools/wv2winrt/System.CommandLine.dll",
        "tools/wv2winrt/System.Memory.dll",
        "tools/wv2winrt/System.Numerics.Vectors.dll",
        "tools/wv2winrt/System.Runtime.CompilerServices.Unsafe.dll",
        "tools/wv2winrt/codegen_util.dll",
        "tools/wv2winrt/concrt140_app.dll",
        "tools/wv2winrt/cs/System.CommandLine.resources.dll",
        "tools/wv2winrt/de/System.CommandLine.resources.dll",
        "tools/wv2winrt/es/System.CommandLine.resources.dll",
        "tools/wv2winrt/fr/System.CommandLine.resources.dll",
        "tools/wv2winrt/it/System.CommandLine.resources.dll",
        "tools/wv2winrt/ja/System.CommandLine.resources.dll",
        "tools/wv2winrt/ko/System.CommandLine.resources.dll",
        "tools/wv2winrt/msvcp140_1_app.dll",
        "tools/wv2winrt/msvcp140_2_app.dll",
        "tools/wv2winrt/msvcp140_app.dll",
        "tools/wv2winrt/pl/System.CommandLine.resources.dll",
        "tools/wv2winrt/pt-BR/System.CommandLine.resources.dll",
        "tools/wv2winrt/ru/System.CommandLine.resources.dll",
        "tools/wv2winrt/tr/System.CommandLine.resources.dll",
        "tools/wv2winrt/type_hierarchy.dll",
        "tools/wv2winrt/vcamp140_app.dll",
        "tools/wv2winrt/vccorlib140_app.dll",
        "tools/wv2winrt/vcomp140_app.dll",
        "tools/wv2winrt/vcruntime140_app.dll",
        "tools/wv2winrt/winrt_winmd.dll",
        "tools/wv2winrt/winrt_winmd.winmd",
        "tools/wv2winrt/wv2winrt.exe",
        "tools/wv2winrt/wv2winrt.exe.config",
        "tools/wv2winrt/wv2winrt.xml",
        "tools/wv2winrt/zh-Hans/System.CommandLine.resources.dll",
        "tools/wv2winrt/zh-Hant/System.CommandLine.resources.dll"
      ]
    }
  },
  "projectFileDependencyGroups": {
    "net8.0-windows7.0": [
      "Microsoft.VisualBasic >= 10.3.0",
      "Microsoft.Web.WebView2 >= 1.0.2210.55"
    ]
  },
  "packageFolders": {
    "C:\\Users\\uzrss\\.nuget\\packages\\": {}
  },
  "project": {
    "version": "1.0.0",
    "restore": {
      "projectUniqueName": "C:\\wamp64\\www\\uzrs_moi_vvs\\MoiWindows\\Refer-VBproj\\UzrsInventory.CSharp\\UzrsInventory.CSharp.csproj",
      "projectName": "UzrsInventoryDesktop",
      "projectPath": "C:\\wamp64\\www\\uzrs_moi_vvs\\MoiWindows\\Refer-VBproj\\UzrsInventory.CSharp\\UzrsInventory.CSharp.csproj",
      "packagesPath": "C:\\Users\\uzrss\\.nuget\\packages\\",
      "outputPath": "C:\\wamp64\\www\\uzrs_moi_vvs\\MoiWindows\\Refer-VBproj\\UzrsInventory.CSharp\\obj\\",
      "projectStyle": "PackageReference",
      "configFilePaths": [
        "C:\\Users\\uzrss\\AppData\\Roaming\\NuGet\\NuGet.Config"
      ],
      "originalTargetFrameworks": [
        "net8.0-windows"
      ],
      "sources": {
        "https://api.nuget.org/v3/index.json": {}
      },
      "frameworks": {
        "net8.0-windows7.0": {
          "targetAlias": "net8.0-windows",
          "projectReferences": {}
        }
      },
      "warningProperties": {
        "warnAsError": [
          "NU1605"
        ]
      },
      "restoreAuditProperties": {
        "enableAudit": "true",
        "auditLevel": "low",
        "auditMode": "direct"
      },
      "SdkAnalysisLevel": "9.0.300"
    },
    "frameworks": {
      "net8.0-windows7.0": {
        "targetAlias": "net8.0-windows",
        "dependencies": {
          "Microsoft.VisualBasic": {
            "target": "Package",
            "version": "[10.3.0, )"
          },
          "Microsoft.Web.WebView2": {
            "target": "Package",
            "version": "[1.0.2210.55, )"
          }
        },
        "imports": [
          "net461",
          "net462",
          "net47",
          "net471",
          "net472",
          "net48",
          "net481"
        ],
        "assetTargetFallback": true,
        "warn": true,
        "downloadDependencies": [
          {
            "name": "Microsoft.AspNetCore.App.Ref",
            "version": "[8.0.20, 8.0.20]"
          },
          {
            "name": "Microsoft.NETCore.App.Host.win-x64",
            "version": "[8.0.20, 8.0.20]"
          },
          {
            "name": "Microsoft.NETCore.App.Ref",
            "version": "[8.0.20, 8.0.20]"
          },
          {
            "name": "Microsoft.WindowsDesktop.App.Ref",
            "version": "[8.0.20, 8.0.20]"
          }
        ],
        "frameworkReferences": {
          "Microsoft.NETCore.App": {
            "privateAssets": "all"
          },
          "Microsoft.WindowsDesktop.App.WindowsForms": {
            "privateAssets": "none"
          }
        },
        "runtimeIdentifierGraphPath": "C:\\Program Files\\dotnet\\sdk\\9.0.305/PortableRuntimeIdentifierGraph.json"
      }
    }
  }
}