Microsoft Visual Studio Solution File, Format Version 12.00
# Visual Studio Version 17
VisualStudioVersion = 17.5.2.0
MinimumVisualStudioVersion = 10.0.40219.1
Project("{2150E333-8FDC-42A3-9474-1A3956D46DE8}") = "moi_print_helper", "moi_print_helper", "{78B2EF2D-2E3F-49CC-5BB1-8A4F62F1B2E2}"
EndProject
Project("{FAE04EC0-301F-11D3-BF4B-00C04F79EFBC}") = "MoiPrintHelper", "moi_print_helper\MoiPrintHelper.csproj", "{A1ACF809-1895-9286-D7A7-7237F581B2CB}"
EndProject
Global
	GlobalSection(SolutionConfigurationPlatforms) = preSolution
		Debug|Any CPU = Debug|Any CPU
		Release|Any CPU = Release|Any CPU
	EndGlobalSection
	GlobalSection(ProjectConfigurationPlatforms) = postSolution
		{A1ACF809-1895-9286-D7A7-7237F581B2CB}.Debug|Any CPU.ActiveCfg = Debug|Any CPU
		{A1ACF809-1895-9286-D7A7-7237F581B2CB}.Debug|Any CPU.Build.0 = Debug|Any CPU
		{A1ACF809-1895-9286-D7A7-7237F581B2CB}.Release|Any CPU.ActiveCfg = Release|Any CPU
		{A1ACF809-1895-9286-D7A7-7237F581B2CB}.Release|Any CPU.Build.0 = Release|Any CPU
	EndGlobalSection
	GlobalSection(SolutionProperties) = preSolution
		HideSolutionNode = FALSE
	EndGlobalSection
	GlobalSection(NestedProjects) = preSolution
		{A1ACF809-1895-9286-D7A7-7237F581B2CB} = {78B2EF2D-2E3F-49CC-5BB1-8A4F62F1B2E2}
	EndGlobalSection
	GlobalSection(ExtensibilityGlobals) = postSolution
		SolutionGuid = {70677022-D997-4943-91F4-2598135B9D03}
	EndGlobalSection
EndGlobal
